
Microsoft Visual Studio Solution File, Format Version 12.00
# Visual Studio Version 16
VisualStudioVersion = 16.0.31829.152
MinimumVisualStudioVersion = 10.0.40219.1
Project("{FAE04EC0-301F-11D3-BF4B-00C04F79EFBC}") = "Interface1", "Interface1\Interface1.csproj", "{F33EE543-CC4C-476A-A858-0E707A7C92F9}"
EndProject
Global
	GlobalSection(SolutionConfigurationPlatforms) = preSolution
		Debug|Any CPU = Debug|Any CPU
		Release|Any CPU = Release|Any CPU
	EndGlobalSection
	GlobalSection(ProjectConfigurationPlatforms) = postSolution
		{F33EE543-CC4C-476A-A858-0E707A7C92F9}.Debug|Any CPU.ActiveCfg = Debug|Any CPU
		{F33EE543-CC4C-476A-A858-0E707A7C92F9}.Debug|Any CPU.Build.0 = Debug|Any CPU
		{F33EE543-CC4C-476A-A858-0E707A7C92F9}.Release|Any CPU.ActiveCfg = Release|Any CPU
		{F33EE543-CC4C-476A-A858-0E707A7C92F9}.Release|Any CPU.Build.0 = Release|Any CPU
	EndGlobalSection
	GlobalSection(SolutionProperties) = preSolution
		HideSolutionNode = FALSE
	EndGlobalSection
	GlobalSection(ExtensibilityGlobals) = postSolution
		SolutionGuid = {6C1EB86C-E2E6-4518-9B41-F5E527FCD447}
	EndGlobalSection
EndGlobal
