
Microsoft Visual Studio Solution File, Format Version 12.00
# Visual Studio Version 16
VisualStudioVersion = 16.0.31829.152
MinimumVisualStudioVersion = 10.0.40219.1
Project("{FAE04EC0-301F-11D3-BF4B-00C04F79EFBC}") = "Constructor", "Constructor\Constructor.csproj", "{C514207B-D4F0-4A9F-84C9-FEC8CDEDFE3E}"
EndProject
Global
	GlobalSection(SolutionConfigurationPlatforms) = preSolution
		Debug|Any CPU = Debug|Any CPU
		Release|Any CPU = Release|Any CPU
	EndGlobalSection
	GlobalSection(ProjectConfigurationPlatforms) = postSolution
		{C514207B-D4F0-4A9F-84C9-FEC8CDEDFE3E}.Debug|Any CPU.ActiveCfg = Debug|Any CPU
		{C514207B-D4F0-4A9F-84C9-FEC8CDEDFE3E}.Debug|Any CPU.Build.0 = Debug|Any CPU
		{C514207B-D4F0-4A9F-84C9-FEC8CDEDFE3E}.Release|Any CPU.ActiveCfg = Release|Any CPU
		{C514207B-D4F0-4A9F-84C9-FEC8CDEDFE3E}.Release|Any CPU.Build.0 = Release|Any CPU
	EndGlobalSection
	GlobalSection(SolutionProperties) = preSolution
		HideSolutionNode = FALSE
	EndGlobalSection
	GlobalSection(ExtensibilityGlobals) = postSolution
		SolutionGuid = {A0C003F2-60CF-40E7-AC2B-9824A88DCDF8}
	EndGlobalSection
EndGlobal
