
Microsoft Visual Studio Solution File, Format Version 12.00
# Visual Studio Version 17
VisualStudioVersion = 17.1.32421.90
MinimumVisualStudioVersion = 10.0.40219.1
Project("{FAE04EC0-301F-11D3-BF4B-00C04F79EFBC}") = "Try_Catch_Finally", "Try_Catch_Finally\Try_Catch_Finally.csproj", "{0FE6D26D-8E47-49AA-989F-739B0C7BE193}"
EndProject
Global
	GlobalSection(SolutionConfigurationPlatforms) = preSolution
		Debug|Any CPU = Debug|Any CPU
		Release|Any CPU = Release|Any CPU
	EndGlobalSection
	GlobalSection(ProjectConfigurationPlatforms) = postSolution
		{0FE6D26D-8E47-49AA-989F-739B0C7BE193}.Debug|Any CPU.ActiveCfg = Debug|Any CPU
		{0FE6D26D-8E47-49AA-989F-739B0C7BE193}.Debug|Any CPU.Build.0 = Debug|Any CPU
		{0FE6D26D-8E47-49AA-989F-739B0C7BE193}.Release|Any CPU.ActiveCfg = Release|Any CPU
		{0FE6D26D-8E47-49AA-989F-739B0C7BE193}.Release|Any CPU.Build.0 = Release|Any CPU
	EndGlobalSection
	GlobalSection(SolutionProperties) = preSolution
		HideSolutionNode = FALSE
	EndGlobalSection
	GlobalSection(ExtensibilityGlobals) = postSolution
		SolutionGuid = {1E3DB622-FE7B-4624-A90A-5A651DD0628D}
	EndGlobalSection
EndGlobal
